{
  "version": 4,
  "terraform_version": "1.13.4",
  "serial": 181,
  "lineage": "3eb68719-277a-aa0c-cb1b-3fc7b7621055",
  "outputs": {
    "node_api_url": {
      "value": "https://nse2koc2ik.execute-api.us-east-1.amazonaws.com/prod/node?name=malgus",
      "type": "string"
    },
    "python_api_url": {
      "value": "https://nse2koc2ik.execute-api.us-east-1.amazonaws.com/prod/python?name=myself",
      "type": "string"
    }
  },
  "resources": [
    {
      "mode": "data",
      "type": "archive_file",
      "name": "example",
      "provider": "provider[\"registry.terraform.io/hashicorp/archive\"]",
      "instances": [
        {
          "schema_version": 0,
          "attributes": {
            "exclude_symlink_directories": null,
            "excludes": null,
            "id": "7c9f72068a541e187992bd8cf13a4ee0ecc8bdb6",
            "output_base64sha256": "UtEEwqkEBXg84LEjY5F+mVhLyvbXMHwOMSXUOgjXL/M=",
            "output_base64sha512": "xDt6qFXWYF9CbPAe235oiLxofsQjJpigsnw31PrNyfWYdSfJtRt15NaXkrF2NNFMjHJCsxuB71JO69Ym0aF+gA==",
            "output_file_mode": null,
            "output_md5": "2d23282843d647ca780868854de37e1c",
            "output_path": "./lambda/node.zip",
            "output_sha": "7c9f72068a541e187992bd8cf13a4ee0ecc8bdb6",
            "output_sha256": "52d104c2a90405783ce0b12363917e99584bcaf6d7307c0e3125d43a08d72ff3",
            "output_sha512": "c43b7aa855d6605f426cf01edb7e6888bc687ec4232698a0b27c37d4facdc9f5987527c9b51b75e4d69792b17634d14c8c7242b31b81ef524eebd626d1a17e80",
            "output_size": 433,
            "source": [],
            "source_content": null,
            "source_content_filename": null,
            "source_dir": null,
            "source_file": "./src/chewbacca-node-lambda.js",
            "type": "zip"
          },
          "sensitive_attributes": [],
          "identity_schema_version": 0
        }
      ]
    },
    {
      "mode": "data",
      "type": "archive_file",
      "name": "example_python",
      "provider": "provider[\"registry.terraform.io/hashicorp/archive\"]",
      "instances": [
        {
          "schema_version": 0,
          "attributes": {
            "exclude_symlink_directories": null,
            "excludes": null,
            "id": "d371271f371baf991de8dd79f0219506aa348745",
            "output_base64sha256": "FpXsub/kY8KcVQhabJUcc1IgDyMJRciyJsn2pCJVQOc=",
            "output_base64sha512": "dcSTTJ1D33/SMkD8TykwXENOa80tmTjI4OQsllMgd+SYX5ht1syc/Irba5phRFxEDNi+6fWVSqjg6CiPAsxxTw==",
            "output_file_mode": null,
            "output_md5": "8806529bcef307d28bf3adf79af09d4f",
            "output_path": "./lambda/python.zip",
            "output_sha": "d371271f371baf991de8dd79f0219506aa348745",
            "output_sha256": "1695ecb9bfe463c29c55085a6c951c7352200f230945c8b226c9f6a4225540e7",
            "output_sha512": "75c4934c9d43df7fd23240fc4f29305c434e6bcd2d9938c8e0e42c96532077e4985f986dd6cc9cfc8adb6b9a61445c440cd8bee9f5954aa8e0e8288f02cc714f",
            "output_size": 459,
            "source": [],
            "source_content": null,
            "source_content_filename": null,
            "source_dir": null,
            "source_file": "./src/chewbacca-python-lambda.py",
            "type": "zip"
          },
          "sensitive_attributes": [],
          "identity_schema_version": 0
        }
      ]
    },
    {
      "mode": "data",
      "type": "aws_iam_policy_document",
      "name": "assume_role",
      "provider": "provider[\"registry.terraform.io/hashicorp/aws\"]",
      "instances": [
        {
          "schema_version": 0,
          "attributes": {
            "id": "2690255455",
            "json": "{\n  \"Version\": \"2012-10-17\",\n  \"Statement\": [\n    {\n      \"Effect\": \"Allow\",\n      \"Action\": \"sts:AssumeRole\",\n      \"Principal\": {\n        \"Service\": \"lambda.amazonaws.com\"\n      }\n    }\n  ]\n}",
            "minified_json": "{\"Version\":\"2012-10-17\",\"Statement\":[{\"Effect\":\"Allow\",\"Action\":\"sts:AssumeRole\",\"Principal\":{\"Service\":\"lambda.amazonaws.com\"}}]}",
            "override_json": null,
            "override_policy_documents": null,
            "policy_id": null,
            "source_json": null,
            "source_policy_documents": null,
            "statement": [
              {
                "actions": [
                  "sts:AssumeRole"
                ],
                "condition": [],
                "effect": "Allow",
                "not_actions": [],
                "not_principals": [],
                "not_resources": [],
                "principals": [
                  {
                    "identifiers": [
                      "lambda.amazonaws.com"
                    ],
                    "type": "Service"
                  }
                ],
                "resources": [],
                "sid": ""
              }
            ],
            "version": "2012-10-17"
          },
          "sensitive_attributes": [],
          "identity_schema_version": 0
        }
      ]
    },
    {
      "mode": "managed",
      "type": "aws_api_gateway_deployment",
      "name": "api_deployment",
      "provider": "provider[\"registry.terraform.io/hashicorp/aws\"]",
      "instances": [
        {
          "schema_version": 0,
          "attributes": {
            "created_date": "2026-04-29T14:20:09Z",
            "description": "",
            "id": "hpm44h",
            "region": "us-east-1",
            "rest_api_id": "nse2koc2ik",
            "triggers": {
              "redeployment": "efb9f089dc386c8299698443dbf6c3f2a185f6aa"
            },
            "variables": null
          },
          "sensitive_attributes": [],
          "identity_schema_version": 0,
          "private": "bnVsbA==",
          "dependencies": [
            "aws_api_gateway_integration.node_integration",
            "aws_api_gateway_integration.python_integration",
            "aws_api_gateway_method.node_method",
            "aws_api_gateway_method.python_method",
            "aws_api_gateway_resource.node_resource",
            "aws_api_gateway_resource.python_resource",
            "aws_api_gateway_rest_api.rest_api",
            "aws_iam_role.example",
            "aws_lambda_function.example",
            "aws_lambda_function.example_python_function",
            "data.archive_file.example",
            "data.archive_file.example_python",
            "data.aws_iam_policy_document.assume_role"
          ],
          "create_before_destroy": true
        }
      ]
    },
    {
      "mode": "managed",
      "type": "aws_api_gateway_integration",
      "name": "node_integration",
      "provider": "provider[\"registry.terraform.io/hashicorp/aws\"]",
      "instances": [
        {
          "schema_version": 0,
          "attributes": {
            "cache_key_parameters": [],
            "cache_namespace": "3hqy1k",
            "connection_id": "",
            "connection_type": "INTERNET",
            "content_handling": "",
            "credentials": "",
            "http_method": "GET",
            "id": "agi-nse2koc2ik-3hqy1k-GET",
            "integration_http_method": "POST",
            "integration_target": "",
            "passthrough_behavior": "WHEN_NO_MATCH",
            "region": "us-east-1",
            "request_parameters": {},
            "request_templates": {},
            "resource_id": "3hqy1k",
            "response_transfer_mode": "BUFFERED",
            "rest_api_id": "nse2koc2ik",
            "timeout_milliseconds": 29000,
            "tls_config": [],
            "type": "AWS_PROXY",
            "uri": "arn:aws:apigateway:us-east-1:lambda:path/2015-03-31/functions/arn:aws:lambda:us-east-1:724772093504:function:my_node_function/invocations"
          },
          "sensitive_attributes": [],
          "identity_schema_version": 0,
          "identity": {
            "account_id": "724772093504",
            "http_method": "GET",
            "region": "us-east-1",
            "resource_id": "3hqy1k",
            "rest_api_id": "nse2koc2ik"
          },
          "private": "bnVsbA==",
          "dependencies": [
            "aws_api_gateway_method.node_method",
            "aws_api_gateway_resource.node_resource",
            "aws_api_gateway_rest_api.rest_api",
            "aws_iam_role.example",
            "aws_lambda_function.example",
            "data.archive_file.example",
            "data.aws_iam_policy_document.assume_role"
          ],
          "create_before_destroy": true
        }
      ]
    },
    {
      "mode": "managed",
      "type": "aws_api_gateway_integration",
      "name": "python_integration",
      "provider": "provider[\"registry.terraform.io/hashicorp/aws\"]",
      "instances": [
        {
          "schema_version": 0,
          "attributes": {
            "cache_key_parameters": [],
            "cache_namespace": "0o8ou9",
            "connection_id": "",
            "connection_type": "INTERNET",
            "content_handling": "",
            "credentials": "",
            "http_method": "GET",
            "id": "agi-nse2koc2ik-0o8ou9-GET",
            "integration_http_method": "POST",
            "integration_target": "",
            "passthrough_behavior": "WHEN_NO_MATCH",
            "region": "us-east-1",
            "request_parameters": {},
            "request_templates": {},
            "resource_id": "0o8ou9",
            "response_transfer_mode": "BUFFERED",
            "rest_api_id": "nse2koc2ik",
            "timeout_milliseconds": 29000,
            "tls_config": [],
            "type": "AWS_PROXY",
            "uri": "arn:aws:apigateway:us-east-1:lambda:path/2015-03-31/functions/arn:aws:lambda:us-east-1:724772093504:function:my_python_function/invocations"
          },
          "sensitive_attributes": [],
          "identity_schema_version": 0,
          "identity": {
            "account_id": "724772093504",
            "http_method": "GET",
            "region": "us-east-1",
            "resource_id": "0o8ou9",
            "rest_api_id": "nse2koc2ik"
          },
          "private": "bnVsbA==",
          "dependencies": [
            "aws_api_gateway_method.python_method",
            "aws_api_gateway_resource.python_resource",
            "aws_api_gateway_rest_api.rest_api",
            "aws_iam_role.example",
            "aws_lambda_function.example_python_function",
            "data.archive_file.example",
            "data.archive_file.example_python",
            "data.aws_iam_policy_document.assume_role"
          ],
          "create_before_destroy": true
        }
      ]
    },
    {
      "mode": "managed",
      "type": "aws_api_gateway_method",
      "name": "node_method",
      "provider": "provider[\"registry.terraform.io/hashicorp/aws\"]",
      "instances": [
        {
          "schema_version": 0,
          "attributes": {
            "api_key_required": false,
            "authorization": "NONE",
            "authorization_scopes": [],
            "authorizer_id": "",
            "http_method": "GET",
            "id": "agm-nse2koc2ik-3hqy1k-GET",
            "operation_name": "",
            "region": "us-east-1",
            "request_models": {},
            "request_parameters": {},
            "request_validator_id": "",
            "resource_id": "3hqy1k",
            "rest_api_id": "nse2koc2ik"
          },
          "sensitive_attributes": [],
          "identity_schema_version": 0,
          "identity": {
            "account_id": "724772093504",
            "http_method": "GET",
            "region": "us-east-1",
            "resource_id": "3hqy1k",
            "rest_api_id": "nse2koc2ik"
          },
          "private": "bnVsbA==",
          "dependencies": [
            "aws_api_gateway_resource.node_resource",
            "aws_api_gateway_rest_api.rest_api"
          ],
          "create_before_destroy": true
        }
      ]
    },
    {
      "mode": "managed",
      "type": "aws_api_gateway_method",
      "name": "python_method",
      "provider": "provider[\"registry.terraform.io/hashicorp/aws\"]",
      "instances": [
        {
          "schema_version": 0,
          "attributes": {
            "api_key_required": false,
            "authorization": "NONE",
            "authorization_scopes": [],
            "authorizer_id": "",
            "http_method": "GET",
            "id": "agm-nse2koc2ik-0o8ou9-GET",
            "operation_name": "",
            "region": "us-east-1",
            "request_models": {},
            "request_parameters": {},
            "request_validator_id": "",
            "resource_id": "0o8ou9",
            "rest_api_id": "nse2koc2ik"
          },
          "sensitive_attributes": [],
          "identity_schema_version": 0,
          "identity": {
            "account_id": "724772093504",
            "http_method": "GET",
            "region": "us-east-1",
            "resource_id": "0o8ou9",
            "rest_api_id": "nse2koc2ik"
          },
          "private": "bnVsbA==",
          "dependencies": [
            "aws_api_gateway_resource.python_resource",
            "aws_api_gateway_rest_api.rest_api"
          ],
          "create_before_destroy": true
        }
      ]
    },
    {
      "mode": "managed",
      "type": "aws_api_gateway_resource",
      "name": "node_resource",
      "provider": "provider[\"registry.terraform.io/hashicorp/aws\"]",
      "instances": [
        {
          "schema_version": 0,
          "attributes": {
            "id": "3hqy1k",
            "parent_id": "6a66xokj8l",
            "path": "/node",
            "path_part": "node",
            "region": "us-east-1",
            "rest_api_id": "nse2koc2ik"
          },
          "sensitive_attributes": [],
          "identity_schema_version": 0,
          "identity": {
            "account_id": "724772093504",
            "id": "3hqy1k",
            "region": "us-east-1",
            "rest_api_id": "nse2koc2ik"
          },
          "private": "bnVsbA==",
          "dependencies": [
            "aws_api_gateway_rest_api.rest_api"
          ],
          "create_before_destroy": true
        }
      ]
    },
    {
      "mode": "managed",
      "type": "aws_api_gateway_resource",
      "name": "python_resource",
      "provider": "provider[\"registry.terraform.io/hashicorp/aws\"]",
      "instances": [
        {
          "schema_version": 0,
          "attributes": {
            "id": "0o8ou9",
            "parent_id": "6a66xokj8l",
            "path": "/python",
            "path_part": "python",
            "region": "us-east-1",
            "rest_api_id": "nse2koc2ik"
          },
          "sensitive_attributes": [],
          "identity_schema_version": 0,
          "identity": {
            "account_id": "724772093504",
            "id": "0o8ou9",
            "region": "us-east-1",
            "rest_api_id": "nse2koc2ik"
          },
          "private": "bnVsbA==",
          "dependencies": [
            "aws_api_gateway_rest_api.rest_api"
          ],
          "create_before_destroy": true
        }
      ]
    },
    {
      "mode": "managed",
      "type": "aws_api_gateway_rest_api",
      "name": "rest_api",
      "provider": "provider[\"registry.terraform.io/hashicorp/aws\"]",
      "instances": [
        {
          "schema_version": 0,
          "attributes": {
            "api_key_source": "HEADER",
            "arn": "arn:aws:apigateway:us-east-1::/restapis/nse2koc2ik",
            "binary_media_types": [],
            "body": null,
            "created_date": "2026-04-29T14:19:47Z",
            "description": "",
            "disable_execute_api_endpoint": false,
            "endpoint_configuration": [
              {
                "ip_address_type": "ipv4",
                "types": [
                  "EDGE"
                ],
                "vpc_endpoint_ids": []
              }
            ],
            "execution_arn": "arn:aws:execute-api:us-east-1:724772093504:nse2koc2ik",
            "fail_on_warnings": null,
            "id": "nse2koc2ik",
            "minimum_compression_size": "",
            "name": "terraform_rest_api",
            "parameters": null,
            "policy": "",
            "put_rest_api_mode": null,
            "region": "us-east-1",
            "root_resource_id": "6a66xokj8l",
            "tags": {},
            "tags_all": {}
          },
          "sensitive_attributes": [],
          "identity_schema_version": 0,
          "identity": {
            "account_id": "724772093504",
            "id": "nse2koc2ik",
            "region": "us-east-1"
          },
          "private": "bnVsbA==",
          "create_before_destroy": true
        }
      ]
    },
    {
      "mode": "managed",
      "type": "aws_api_gateway_stage",
      "name": "stage_production",
      "provider": "provider[\"registry.terraform.io/hashicorp/aws\"]",
      "instances": [
        {
          "schema_version": 0,
          "attributes": {
            "access_log_settings": [],
            "arn": "arn:aws:apigateway:us-east-1::/restapis/nse2koc2ik/stages/prod",
            "cache_cluster_enabled": false,
            "cache_cluster_size": "",
            "canary_settings": [],
            "client_certificate_id": "",
            "deployment_id": "hpm44h",
            "description": "",
            "documentation_version": "",
            "execution_arn": "arn:aws:execute-api:us-east-1:724772093504:nse2koc2ik/prod",
            "id": "ags-nse2koc2ik-prod",
            "invoke_url": "https://nse2koc2ik.execute-api.us-east-1.amazonaws.com/prod",
            "region": "us-east-1",
            "rest_api_id": "nse2koc2ik",
            "stage_name": "prod",
            "tags": {},
            "tags_all": {},
            "variables": {},
            "web_acl_arn": "arn:aws:wafv2:us-east-1:724772093504:regional/webacl/waf_rest_api/146444d5-d157-4f8c-bf4f-63ef9640219f",
            "xray_tracing_enabled": false
          },
          "sensitive_attributes": [],
          "identity_schema_version": 0,
          "private": "bnVsbA==",
          "dependencies": [
            "aws_api_gateway_deployment.api_deployment",
            "aws_api_gateway_integration.node_integration",
            "aws_api_gateway_integration.python_integration",
            "aws_api_gateway_method.node_method",
            "aws_api_gateway_method.python_method",
            "aws_api_gateway_resource.node_resource",
            "aws_api_gateway_resource.python_resource",
            "aws_api_gateway_rest_api.rest_api",
            "aws_iam_role.example",
            "aws_lambda_function.example",
            "aws_lambda_function.example_python_function",
            "data.archive_file.example",
            "data.archive_file.example_python",
            "data.aws_iam_policy_document.assume_role"
          ]
        }
      ]
    },
    {
      "mode": "managed",
      "type": "aws_cloudwatch_log_group",
      "name": "waf_logs",
      "provider": "provider[\"registry.terraform.io/hashicorp/aws\"]",
      "instances": [
        {
          "schema_version": 0,
          "attributes": {
            "arn": "arn:aws:logs:us-east-1:724772093504:log-group:aws-waf-logs-chewbaccav3",
            "deletion_protection_enabled": false,
            "id": "aws-waf-logs-chewbaccav3",
            "kms_key_id": "",
            "log_group_class": "STANDARD",
            "name": "aws-waf-logs-chewbaccav3",
            "name_prefix": "",
            "region": "us-east-1",
            "retention_in_days": 0,
            "skip_destroy": false,
            "tags": {},
            "tags_all": {}
          },
          "sensitive_attributes": [],
          "identity_schema_version": 0,
          "identity": {
            "account_id": "724772093504",
            "name": "aws-waf-logs-chewbaccav3",
            "region": "us-east-1"
          },
          "private": "bnVsbA=="
        }
      ]
    },
    {
      "mode": "managed",
      "type": "aws_iam_role",
      "name": "example",
      "provider": "provider[\"registry.terraform.io/hashicorp/aws\"]",
      "instances": [
        {
          "schema_version": 0,
          "attributes": {
            "arn": "arn:aws:iam::724772093504:role/lambda_execution_role",
            "assume_role_policy": "{\"Statement\":[{\"Action\":\"sts:AssumeRole\",\"Effect\":\"Allow\",\"Principal\":{\"Service\":\"lambda.amazonaws.com\"}}],\"Version\":\"2012-10-17\"}",
            "create_date": "2026-04-29T14:19:46Z",
            "description": "",
            "force_detach_policies": false,
            "id": "lambda_execution_role",
            "inline_policy": [],
            "managed_policy_arns": [
              "arn:aws:iam::aws:policy/service-role/AWSLambdaBasicExecutionRole"
            ],
            "max_session_duration": 3600,
            "name": "lambda_execution_role",
            "name_prefix": "",
            "path": "/",
            "permissions_boundary": "",
            "tags": {},
            "tags_all": {},
            "unique_id": "AROA2RP6IPZAI5QJFZ54A"
          },
          "sensitive_attributes": [],
          "identity_schema_version": 0,
          "identity": {
            "account_id": "724772093504",
            "name": "lambda_execution_role"
          },
          "private": "bnVsbA==",
          "dependencies": [
            "data.aws_iam_policy_document.assume_role"
          ],
          "create_before_destroy": true
        }
      ]
    },
    {
      "mode": "managed",
      "type": "aws_iam_role_policy_attachment",
      "name": "test_attach",
      "provider": "provider[\"registry.terraform.io/hashicorp/aws\"]",
      "instances": [
        {
          "schema_version": 0,
          "attributes": {
            "id": "lambda_execution_role/arn:aws:iam::aws:policy/service-role/AWSLambdaBasicExecutionRole",
            "policy_arn": "arn:aws:iam::aws:policy/service-role/AWSLambdaBasicExecutionRole",
            "role": "lambda_execution_role"
          },
          "sensitive_attributes": [],
          "identity_schema_version": 0,
          "identity": {
            "account_id": "724772093504",
            "policy_arn": "arn:aws:iam::aws:policy/service-role/AWSLambdaBasicExecutionRole",
            "role": "lambda_execution_role"
          },
          "private": "bnVsbA==",
          "dependencies": [
            "aws_iam_role.example",
            "data.aws_iam_policy_document.assume_role"
          ]
        }
      ]
    },
    {
      "mode": "managed",
      "type": "aws_lambda_function",
      "name": "example",
      "provider": "provider[\"registry.terraform.io/hashicorp/aws\"]",
      "instances": [
        {
          "schema_version": 0,
          "attributes": {
            "architectures": [
              "x86_64"
            ],
            "arn": "arn:aws:lambda:us-east-1:724772093504:function:my_node_function",
            "capacity_provider_config": [],
            "code_sha256": "UtEEwqkEBXg84LEjY5F+mVhLyvbXMHwOMSXUOgjXL/M=",
            "code_signing_config_arn": "",
            "dead_letter_config": [],
            "description": "",
            "durable_config": [],
            "environment": [],
            "ephemeral_storage": [
              {
                "size": 512
              }
            ],
            "file_system_config": [],
            "filename": "./lambda/node.zip",
            "function_name": "my_node_function",
            "handler": "chewbacca-node-lambda.handler",
            "id": "my_node_function",
            "image_config": [],
            "image_uri": "",
            "invoke_arn": "arn:aws:apigateway:us-east-1:lambda:path/2015-03-31/functions/arn:aws:lambda:us-east-1:724772093504:function:my_node_function/invocations",
            "kms_key_arn": "",
            "last_modified": "2026-04-29T14:19:56.468+0000",
            "layers": [],
            "logging_config": [
              {
                "application_log_level": "",
                "log_format": "Text",
                "log_group": "/aws/lambda/my_node_function",
                "system_log_level": ""
              }
            ],
            "memory_size": 128,
            "package_type": "Zip",
            "publish": false,
            "publish_to": null,
            "qualified_arn": "arn:aws:lambda:us-east-1:724772093504:function:my_node_function:$LATEST",
            "qualified_invoke_arn": "arn:aws:apigateway:us-east-1:lambda:path/2015-03-31/functions/arn:aws:lambda:us-east-1:724772093504:function:my_node_function:$LATEST/invocations",
            "region": "us-east-1",
            "replace_security_groups_on_destroy": null,
            "replacement_security_group_ids": null,
            "reserved_concurrent_executions": -1,
            "response_streaming_invoke_arn": "arn:aws:apigateway:us-east-1:lambda:path/2021-11-15/functions/arn:aws:lambda:us-east-1:724772093504:function:my_node_function/response-streaming-invocations",
            "role": "arn:aws:iam::724772093504:role/lambda_execution_role",
            "runtime": "nodejs24.x",
            "s3_bucket": null,
            "s3_key": null,
            "s3_object_version": null,
            "signing_job_arn": "",
            "signing_profile_version_arn": "",
            "skip_destroy": false,
            "snap_start": [],
            "source_code_hash": "",
            "source_code_size": 433,
            "source_kms_key_arn": "",
            "tags": {},
            "tags_all": {},
            "tenancy_config": [],
            "timeout": 3,
            "timeouts": null,
            "tracing_config": [
              {
                "mode": "PassThrough"
              }
            ],
            "version": "$LATEST",
            "vpc_config": []
          },
          "sensitive_attributes": [],
          "identity_schema_version": 0,
          "identity": {
            "account_id": "724772093504",
            "function_name": "my_node_function",
            "region": "us-east-1"
          },
          "private": "eyJlMmJmYjczMC1lY2FhLTExZTYtOGY4OC0zNDM2M2JjN2M0YzAiOnsiY3JlYXRlIjo2MDAwMDAwMDAwMDAsImRlbGV0ZSI6NjAwMDAwMDAwMDAwLCJ1cGRhdGUiOjYwMDAwMDAwMDAwMH19",
          "dependencies": [
            "aws_iam_role.example",
            "data.archive_file.example",
            "data.aws_iam_policy_document.assume_role"
          ],
          "create_before_destroy": true
        }
      ]
    },
    {
      "mode": "managed",
      "type": "aws_lambda_function",
      "name": "example_python_function",
      "provider": "provider[\"registry.terraform.io/hashicorp/aws\"]",
      "instances": [
        {
          "schema_version": 0,
          "attributes": {
            "architectures": [
              "x86_64"
            ],
            "arn": "arn:aws:lambda:us-east-1:724772093504:function:my_python_function",
            "capacity_provider_config": [],
            "code_sha256": "FpXsub/kY8KcVQhabJUcc1IgDyMJRciyJsn2pCJVQOc=",
            "code_signing_config_arn": "",
            "dead_letter_config": [],
            "description": "",
            "durable_config": [],
            "environment": [],
            "ephemeral_storage": [
              {
                "size": 512
              }
            ],
            "file_system_config": [],
            "filename": "./lambda/python.zip",
            "function_name": "my_python_function",
            "handler": "chewbacca-python-lambda.lambda_handler",
            "id": "my_python_function",
            "image_config": [],
            "image_uri": "",
            "invoke_arn": "arn:aws:apigateway:us-east-1:lambda:path/2015-03-31/functions/arn:aws:lambda:us-east-1:724772093504:function:my_python_function/invocations",
            "kms_key_arn": "",
            "last_modified": "2026-04-29T16:25:49.000+0000",
            "layers": [],
            "logging_config": [
              {
                "application_log_level": "",
                "log_format": "Text",
                "log_group": "/aws/lambda/my_python_function",
                "system_log_level": ""
              }
            ],
            "memory_size": 128,
            "package_type": "Zip",
            "publish": false,
            "publish_to": null,
            "qualified_arn": "arn:aws:lambda:us-east-1:724772093504:function:my_python_function:$LATEST",
            "qualified_invoke_arn": "arn:aws:apigateway:us-east-1:lambda:path/2015-03-31/functions/arn:aws:lambda:us-east-1:724772093504:function:my_python_function:$LATEST/invocations",
            "region": "us-east-1",
            "replace_security_groups_on_destroy": null,
            "replacement_security_group_ids": null,
            "reserved_concurrent_executions": -1,
            "response_streaming_invoke_arn": "arn:aws:apigateway:us-east-1:lambda:path/2021-11-15/functions/arn:aws:lambda:us-east-1:724772093504:function:my_python_function/response-streaming-invocations",
            "role": "arn:aws:iam::724772093504:role/lambda_execution_role",
            "runtime": "python3.14",
            "s3_bucket": null,
            "s3_key": null,
            "s3_object_version": null,
            "signing_job_arn": "",
            "signing_profile_version_arn": "",
            "skip_destroy": false,
            "snap_start": [],
            "source_code_hash": "",
            "source_code_size": 459,
            "source_kms_key_arn": "",
            "tags": {},
            "tags_all": {},
            "tenancy_config": [],
            "timeout": 3,
            "timeouts": null,
            "tracing_config": [
              {
                "mode": "PassThrough"
              }
            ],
            "version": "$LATEST",
            "vpc_config": []
          },
          "sensitive_attributes": [],
          "identity_schema_version": 0,
          "identity": {
            "account_id": "724772093504",
            "function_name": "my_python_function",
            "region": "us-east-1"
          },
          "private": "eyJlMmJmYjczMC1lY2FhLTExZTYtOGY4OC0zNDM2M2JjN2M0YzAiOnsiY3JlYXRlIjo2MDAwMDAwMDAwMDAsImRlbGV0ZSI6NjAwMDAwMDAwMDAwLCJ1cGRhdGUiOjYwMDAwMDAwMDAwMH19",
          "dependencies": [
            "aws_iam_role.example",
            "data.archive_file.example",
            "data.archive_file.example_python",
            "data.aws_iam_policy_document.assume_role"
          ],
          "create_before_destroy": true
        }
      ]
    },
    {
      "mode": "managed",
      "type": "aws_lambda_permission",
      "name": "node_lambda_permission",
      "provider": "provider[\"registry.terraform.io/hashicorp/aws\"]",
      "instances": [
        {
          "schema_version": 0,
          "attributes": {
            "action": "lambda:InvokeFunction",
            "event_source_token": null,
            "function_name": "my_node_function",
            "function_url_auth_type": null,
            "id": "terraform-20260429142002690500000001",
            "invoked_via_function_url": null,
            "principal": "apigateway.amazonaws.com",
            "principal_org_id": null,
            "qualifier": "",
            "region": "us-east-1",
            "source_account": null,
            "source_arn": null,
            "statement_id": "terraform-20260429142002690500000001",
            "statement_id_prefix": "terraform-"
          },
          "sensitive_attributes": [],
          "identity_schema_version": 0,
          "identity": {
            "account_id": "724772093504",
            "function_name": "my_node_function",
            "qualifier": null,
            "region": "us-east-1",
            "statement_id": "terraform-20260429142002690500000001"
          },
          "private": "bnVsbA==",
          "dependencies": [
            "aws_iam_role.example",
            "aws_lambda_function.example",
            "data.archive_file.example",
            "data.aws_iam_policy_document.assume_role"
          ]
        }
      ]
    },
    {
      "mode": "managed",
      "type": "aws_lambda_permission",
      "name": "python_lambda_permission",
      "provider": "provider[\"registry.terraform.io/hashicorp/aws\"]",
      "instances": [
        {
          "schema_version": 0,
          "attributes": {
            "action": "lambda:InvokeFunction",
            "event_source_token": null,
            "function_name": "my_python_function",
            "function_url_auth_type": null,
            "id": "terraform-20260429142009049700000002",
            "invoked_via_function_url": null,
            "principal": "apigateway.amazonaws.com",
            "principal_org_id": null,
            "qualifier": "",
            "region": "us-east-1",
            "source_account": null,
            "source_arn": null,
            "statement_id": "terraform-20260429142009049700000002",
            "statement_id_prefix": "terraform-"
          },
          "sensitive_attributes": [],
          "identity_schema_version": 0,
          "identity": {
            "account_id": "724772093504",
            "function_name": "my_python_function",
            "qualifier": null,
            "region": "us-east-1",
            "statement_id": "terraform-20260429142009049700000002"
          },
          "private": "bnVsbA==",
          "dependencies": [
            "aws_iam_role.example",
            "aws_lambda_function.example_python_function",
            "data.archive_file.example",
            "data.archive_file.example_python",
            "data.aws_iam_policy_document.assume_role"
          ]
        }
      ]
    },
    {
      "mode": "managed",
      "type": "aws_wafv2_web_acl",
      "name": "waf_rest_api",
      "provider": "provider[\"registry.terraform.io/hashicorp/aws\"]",
      "instances": [
        {
          "schema_version": 0,
          "attributes": {
            "application_integration_url": "",
            "arn": "arn:aws:wafv2:us-east-1:724772093504:regional/webacl/waf_rest_api/146444d5-d157-4f8c-bf4f-63ef9640219f",
            "association_config": [],
            "capacity": 1102,
            "captcha_config": [],
            "challenge_config": [],
            "custom_response_body": [],
            "data_protection_config": [],
            "default_action": [
              {
                "allow": [
                  {
                    "custom_request_handling": []
                  }
                ],
                "block": []
              }
            ],
            "description": "",
            "id": "146444d5-d157-4f8c-bf4f-63ef9640219f",
            "lock_token": "7ec379b8-03ea-41c6-bf29-048f35462f86",
            "name": "waf_rest_api",
            "name_prefix": "",
            "region": "us-east-1",
            "rule": [
              {
                "action": [
                  {
                    "allow": [],
                    "block": [
                      {
                        "custom_response": []
                      }
                    ],
                    "captcha": [],
                    "challenge": [],
                    "count": []
                  }
                ],
                "captcha_config": [],
                "challenge_config": [],
                "name": "rate-limit",
                "override_action": [],
                "priority": 4,
                "rule_label": [],
                "statement": [
                  {
                    "and_statement": [],
                    "asn_match_statement": [],
                    "byte_match_statement": [],
                    "geo_match_statement": [],
                    "ip_set_reference_statement": [],
                    "label_match_statement": [],
                    "managed_rule_group_statement": [],
                    "not_statement": [],
                    "or_statement": [],
                    "rate_based_statement": [
                      {
                        "aggregate_key_type": "IP",
                        "custom_key": [],
                        "evaluation_window_sec": 300,
                        "forwarded_ip_config": [],
                        "limit": 1000,
                        "scope_down_statement": []
                      }
                    ],
                    "regex_match_statement": [],
                    "regex_pattern_set_reference_statement": [],
                    "rule_group_reference_statement": [],
                    "size_constraint_statement": [],
                    "sqli_match_statement": [],
                    "xss_match_statement": []
                  }
                ],
                "visibility_config": [
                  {
                    "cloudwatch_metrics_enabled": true,
                    "metric_name": "rate-limit",
                    "sampled_requests_enabled": true
                  }
                ]
              },
              {
                "action": [],
                "captcha_config": [],
                "challenge_config": [],
                "name": "aws_managed_rules",
                "override_action": [
                  {
                    "count": [],
                    "none": [
                      {}
                    ]
                  }
                ],
                "priority": 2,
                "rule_label": [],
                "statement": [
                  {
                    "and_statement": [],
                    "asn_match_statement": [],
                    "byte_match_statement": [],
                    "geo_match_statement": [],
                    "ip_set_reference_statement": [],
                    "label_match_statement": [],
                    "managed_rule_group_statement": [
                      {
                        "managed_rule_group_configs": [],
                        "name": "AWSManagedRulesCommonRuleSet",
                        "rule_action_override": [],
                        "scope_down_statement": [],
                        "vendor_name": "AWS",
                        "version": ""
                      }
                    ],
                    "not_statement": [],
                    "or_statement": [],
                    "rate_based_statement": [],
                    "regex_match_statement": [],
                    "regex_pattern_set_reference_statement": [],
                    "rule_group_reference_statement": [],
                    "size_constraint_statement": [],
                    "sqli_match_statement": [],
                    "xss_match_statement": []
                  }
                ],
                "visibility_config": [
                  {
                    "cloudwatch_metrics_enabled": true,
                    "metric_name": "aws_managed_rules",
                    "sampled_requests_enabled": true
                  }
                ]
              },
              {
                "action": [],
                "captcha_config": [],
                "challenge_config": [],
                "name": "bad_inputs",
                "override_action": [
                  {
                    "count": [],
                    "none": [
                      {}
                    ]
                  }
                ],
                "priority": 1,
                "rule_label": [],
                "statement": [
                  {
                    "and_statement": [],
                    "asn_match_statement": [],
                    "byte_match_statement": [],
                    "geo_match_statement": [],
                    "ip_set_reference_statement": [],
                    "label_match_statement": [],
                    "managed_rule_group_statement": [
                      {
                        "managed_rule_group_configs": [],
                        "name": "AWSManagedRulesKnownBadInputsRuleSet",
                        "rule_action_override": [],
                        "scope_down_statement": [],
                        "vendor_name": "AWS",
                        "version": ""
                      }
                    ],
                    "not_statement": [],
                    "or_statement": [],
                    "rate_based_statement": [],
                    "regex_match_statement": [],
                    "regex_pattern_set_reference_statement": [],
                    "rule_group_reference_statement": [],
                    "size_constraint_statement": [],
                    "sqli_match_statement": [],
                    "xss_match_statement": []
                  }
                ],
                "visibility_config": [
                  {
                    "cloudwatch_metrics_enabled": true,
                    "metric_name": "bad_inputs",
                    "sampled_requests_enabled": true
                  }
                ]
              },
              {
                "action": [],
                "captcha_config": [],
                "challenge_config": [],
                "name": "blocked_sql_injections",
                "override_action": [
                  {
                    "count": [],
                    "none": [
                      {}
                    ]
                  }
                ],
                "priority": 3,
                "rule_label": [],
                "statement": [
                  {
                    "and_statement": [],
                    "asn_match_statement": [],
                    "byte_match_statement": [],
                    "geo_match_statement": [],
                    "ip_set_reference_statement": [],
                    "label_match_statement": [],
                    "managed_rule_group_statement": [
                      {
                        "managed_rule_group_configs": [],
                        "name": "AWSManagedRulesSQLiRuleSet",
                        "rule_action_override": [],
                        "scope_down_statement": [],
                        "vendor_name": "AWS",
                        "version": ""
                      }
                    ],
                    "not_statement": [],
                    "or_statement": [],
                    "rate_based_statement": [],
                    "regex_match_statement": [],
                    "regex_pattern_set_reference_statement": [],
                    "rule_group_reference_statement": [],
                    "size_constraint_statement": [],
                    "sqli_match_statement": [],
                    "xss_match_statement": []
                  }
                ],
                "visibility_config": [
                  {
                    "cloudwatch_metrics_enabled": true,
                    "metric_name": "blocked_sql_injections",
                    "sampled_requests_enabled": true
                  }
                ]
              }
            ],
            "rule_json": null,
            "scope": "REGIONAL",
            "tags": {},
            "tags_all": {},
            "token_domains": [],
            "visibility_config": [
              {
                "cloudwatch_metrics_enabled": true,
                "metric_name": "waf",
                "sampled_requests_enabled": true
              }
            ]
          },
          "sensitive_attributes": [],
          "identity_schema_version": 0,
          "private": "bnVsbA=="
        }
      ]
    },
    {
      "mode": "managed",
      "type": "aws_wafv2_web_acl_association",
      "name": "api_assoc",
      "provider": "provider[\"registry.terraform.io/hashicorp/aws\"]",
      "instances": [
        {
          "schema_version": 0,
          "attributes": {
            "id": "arn:aws:wafv2:us-east-1:724772093504:regional/webacl/waf_rest_api/146444d5-d157-4f8c-bf4f-63ef9640219f,arn:aws:apigateway:us-east-1::/restapis/nse2koc2ik/stages/prod",
            "region": "us-east-1",
            "resource_arn": "arn:aws:apigateway:us-east-1::/restapis/nse2koc2ik/stages/prod",
            "timeouts": null,
            "web_acl_arn": "arn:aws:wafv2:us-east-1:724772093504:regional/webacl/waf_rest_api/146444d5-d157-4f8c-bf4f-63ef9640219f"
          },
          "sensitive_attributes": [],
          "identity_schema_version": 0,
          "private": "eyJlMmJmYjczMC1lY2FhLTExZTYtOGY4OC0zNDM2M2JjN2M0YzAiOnsiY3JlYXRlIjo2MDAwMDAwMDAwMDB9fQ==",
          "dependencies": [
            "aws_api_gateway_deployment.api_deployment",
            "aws_api_gateway_integration.node_integration",
            "aws_api_gateway_integration.python_integration",
            "aws_api_gateway_method.node_method",
            "aws_api_gateway_method.python_method",
            "aws_api_gateway_resource.node_resource",
            "aws_api_gateway_resource.python_resource",
            "aws_api_gateway_rest_api.rest_api",
            "aws_api_gateway_stage.stage_production",
            "aws_iam_role.example",
            "aws_lambda_function.example",
            "aws_lambda_function.example_python_function",
            "aws_wafv2_web_acl.waf_rest_api",
            "data.archive_file.example",
            "data.archive_file.example_python",
            "data.aws_iam_policy_document.assume_role"
          ]
        }
      ]
    },
    {
      "mode": "managed",
      "type": "aws_wafv2_web_acl_logging_configuration",
      "name": "example",
      "provider": "provider[\"registry.terraform.io/hashicorp/aws\"]",
      "instances": [
        {
          "schema_version": 0,
          "attributes": {
            "id": "arn:aws:wafv2:us-east-1:724772093504:regional/webacl/waf_rest_api/146444d5-d157-4f8c-bf4f-63ef9640219f",
            "log_destination_configs": [
              "arn:aws:logs:us-east-1:724772093504:log-group:aws-waf-logs-chewbaccav3"
            ],
            "logging_filter": [],
            "redacted_fields": [],
            "region": "us-east-1",
            "resource_arn": "arn:aws:wafv2:us-east-1:724772093504:regional/webacl/waf_rest_api/146444d5-d157-4f8c-bf4f-63ef9640219f"
          },
          "sensitive_attributes": [],
          "identity_schema_version": 0,
          "private": "bnVsbA==",
          "dependencies": [
            "aws_cloudwatch_log_group.waf_logs",
            "aws_wafv2_web_acl.waf_rest_api"
          ]
        }
      ]
    },
    {
      "mode": "managed",
      "type": "aws_wafv2_web_acl_rule",
      "name": "bad_inputs",
      "provider": "provider[\"registry.terraform.io/hashicorp/aws\"]",
      "instances": [
        {
          "schema_version": 0,
          "attributes": {
            "action": [],
            "captcha_config": [],
            "challenge_config": [],
            "name": "bad_inputs",
            "override_action": [
              {
                "count": [],
                "none": [
                  {}
                ]
              }
            ],
            "priority": 1,
            "region": "us-east-1",
            "rule_label": [],
            "statement": [
              {
                "and_statement": [],
                "asn_match_statement": [],
                "byte_match_statement": [],
                "geo_match_statement": [],
                "ip_set_reference_statement": [],
                "label_match_statement": [],
                "managed_rule_group_statement": [
                  {
                    "managed_rule_group_configs": [],
                    "name": "AWSManagedRulesKnownBadInputsRuleSet",
                    "rule_action_override": [],
                    "scope_down_statement": [],
                    "vendor_name": "AWS",
                    "version": null
                  }
                ],
                "not_statement": [],
                "or_statement": [],
                "rate_based_statement": [],
                "regex_match_statement": [],
                "regex_pattern_set_reference_statement": [],
                "rule_group_reference_statement": [],
                "size_constraint_statement": [],
                "sqli_match_statement": [],
                "xss_match_statement": []
              }
            ],
            "timeouts": null,
            "visibility_config": [
              {
                "cloudwatch_metrics_enabled": true,
                "metric_name": "bad_inputs",
                "sampled_requests_enabled": true
              }
            ],
            "web_acl_arn": "arn:aws:wafv2:us-east-1:724772093504:regional/webacl/waf_rest_api/146444d5-d157-4f8c-bf4f-63ef9640219f"
          },
          "sensitive_attributes": [],
          "identity_schema_version": 0,
          "identity": {
            "account_id": "724772093504",
            "name": "bad_inputs",
            "region": "us-east-1",
            "web_acl_arn": "arn:aws:wafv2:us-east-1:724772093504:regional/webacl/waf_rest_api/146444d5-d157-4f8c-bf4f-63ef9640219f"
          },
          "dependencies": [
            "aws_wafv2_web_acl.waf_rest_api"
          ]
        }
      ]
    },
    {
      "mode": "managed",
      "type": "aws_wafv2_web_acl_rule",
      "name": "blocked_sql_injections",
      "provider": "provider[\"registry.terraform.io/hashicorp/aws\"]",
      "instances": [
        {
          "schema_version": 0,
          "attributes": {
            "action": [],
            "captcha_config": [],
            "challenge_config": [],
            "name": "blocked_sql_injections",
            "override_action": [
              {
                "count": [],
                "none": [
                  {}
                ]
              }
            ],
            "priority": 3,
            "region": "us-east-1",
            "rule_label": [],
            "statement": [
              {
                "and_statement": [],
                "asn_match_statement": [],
                "byte_match_statement": [],
                "geo_match_statement": [],
                "ip_set_reference_statement": [],
                "label_match_statement": [],
                "managed_rule_group_statement": [
                  {
                    "managed_rule_group_configs": [],
                    "name": "AWSManagedRulesSQLiRuleSet",
                    "rule_action_override": [],
                    "scope_down_statement": [],
                    "vendor_name": "AWS",
                    "version": null
                  }
                ],
                "not_statement": [],
                "or_statement": [],
                "rate_based_statement": [],
                "regex_match_statement": [],
                "regex_pattern_set_reference_statement": [],
                "rule_group_reference_statement": [],
                "size_constraint_statement": [],
                "sqli_match_statement": [],
                "xss_match_statement": []
              }
            ],
            "timeouts": null,
            "visibility_config": [
              {
                "cloudwatch_metrics_enabled": true,
                "metric_name": "blocked_sql_injections",
                "sampled_requests_enabled": true
              }
            ],
            "web_acl_arn": "arn:aws:wafv2:us-east-1:724772093504:regional/webacl/waf_rest_api/146444d5-d157-4f8c-bf4f-63ef9640219f"
          },
          "sensitive_attributes": [],
          "identity_schema_version": 0,
          "identity": {
            "account_id": "724772093504",
            "name": "blocked_sql_injections",
            "region": "us-east-1",
            "web_acl_arn": "arn:aws:wafv2:us-east-1:724772093504:regional/webacl/waf_rest_api/146444d5-d157-4f8c-bf4f-63ef9640219f"
          },
          "dependencies": [
            "aws_wafv2_web_acl.waf_rest_api"
          ]
        }
      ]
    },
    {
      "mode": "managed",
      "type": "aws_wafv2_web_acl_rule",
      "name": "common_rule_set",
      "provider": "provider[\"registry.terraform.io/hashicorp/aws\"]",
      "instances": [
        {
          "schema_version": 0,
          "attributes": {
            "action": [],
            "captcha_config": [],
            "challenge_config": [],
            "name": "aws_managed_rules",
            "override_action": [
              {
                "count": [],
                "none": [
                  {}
                ]
              }
            ],
            "priority": 2,
            "region": "us-east-1",
            "rule_label": [],
            "statement": [
              {
                "and_statement": [],
                "asn_match_statement": [],
                "byte_match_statement": [],
                "geo_match_statement": [],
                "ip_set_reference_statement": [],
                "label_match_statement": [],
                "managed_rule_group_statement": [
                  {
                    "managed_rule_group_configs": [],
                    "name": "AWSManagedRulesCommonRuleSet",
                    "rule_action_override": [],
                    "scope_down_statement": [],
                    "vendor_name": "AWS",
                    "version": null
                  }
                ],
                "not_statement": [],
                "or_statement": [],
                "rate_based_statement": [],
                "regex_match_statement": [],
                "regex_pattern_set_reference_statement": [],
                "rule_group_reference_statement": [],
                "size_constraint_statement": [],
                "sqli_match_statement": [],
                "xss_match_statement": []
              }
            ],
            "timeouts": null,
            "visibility_config": [
              {
                "cloudwatch_metrics_enabled": true,
                "metric_name": "aws_managed_rules",
                "sampled_requests_enabled": true
              }
            ],
            "web_acl_arn": "arn:aws:wafv2:us-east-1:724772093504:regional/webacl/waf_rest_api/146444d5-d157-4f8c-bf4f-63ef9640219f"
          },
          "sensitive_attributes": [],
          "identity_schema_version": 0,
          "identity": {
            "account_id": "724772093504",
            "name": "aws_managed_rules",
            "region": "us-east-1",
            "web_acl_arn": "arn:aws:wafv2:us-east-1:724772093504:regional/webacl/waf_rest_api/146444d5-d157-4f8c-bf4f-63ef9640219f"
          },
          "dependencies": [
            "aws_wafv2_web_acl.waf_rest_api"
          ]
        }
      ]
    },
    {
      "mode": "managed",
      "type": "aws_wafv2_web_acl_rule",
      "name": "rate_limit",
      "provider": "provider[\"registry.terraform.io/hashicorp/aws\"]",
      "instances": [
        {
          "schema_version": 0,
          "attributes": {
            "action": [
              {
                "allow": [],
                "block": [
                  {
                    "custom_response": []
                  }
                ],
                "captcha": [],
                "challenge": [],
                "count": []
              }
            ],
            "captcha_config": [],
            "challenge_config": [],
            "name": "rate-limit",
            "override_action": [],
            "priority": 4,
            "region": "us-east-1",
            "rule_label": [],
            "statement": [
              {
                "and_statement": [],
                "asn_match_statement": [],
                "byte_match_statement": [],
                "geo_match_statement": [],
                "ip_set_reference_statement": [],
                "label_match_statement": [],
                "managed_rule_group_statement": [],
                "not_statement": [],
                "or_statement": [],
                "rate_based_statement": [
                  {
                    "aggregate_key_type": "IP",
                    "custom_keys": [],
                    "evaluation_window_sec": 300,
                    "forwarded_ip_config": [],
                    "limit": 100,
                    "scope_down_statement": []
                  }
                ],
                "regex_match_statement": [],
                "regex_pattern_set_reference_statement": [],
                "rule_group_reference_statement": [],
                "size_constraint_statement": [],
                "sqli_match_statement": [],
                "xss_match_statement": []
              }
            ],
            "timeouts": null,
            "visibility_config": [
              {
                "cloudwatch_metrics_enabled": true,
                "metric_name": "rate-limit",
                "sampled_requests_enabled": true
              }
            ],
            "web_acl_arn": "arn:aws:wafv2:us-east-1:724772093504:regional/webacl/waf_rest_api/146444d5-d157-4f8c-bf4f-63ef9640219f"
          },
          "sensitive_attributes": [],
          "identity_schema_version": 0,
          "identity": {
            "account_id": "724772093504",
            "name": "rate-limit",
            "region": "us-east-1",
            "web_acl_arn": "arn:aws:wafv2:us-east-1:724772093504:regional/webacl/waf_rest_api/146444d5-d157-4f8c-bf4f-63ef9640219f"
          },
          "dependencies": [
            "aws_wafv2_web_acl.waf_rest_api"
          ]
        }
      ]
    }
  ],
  "check_results": null
}
